// !$*UTF8*$!
{
	archiveVersion = 1;
	classes = {
	};
	objectVersion = 50;
	objects = {

/* Begin PBXBuildFile section */
		ECC87BD225113E0800BD4A63 /* AppDelegate.swift in Sources */ = {isa = PBXBuildFile; fileRef = ECC87BD125113E0800BD4A63 /* AppDelegate.swift */; };
		ECC87BD425113E0800BD4A63 /* SceneDelegate.swift in Sources */ = {isa = PBXBuildFile; fileRef = ECC87BD325113E0800BD4A63 /* SceneDelegate.swift */; };
		ECC87BD625113E0800BD4A63 /* ContentView.swift in Sources */ = {isa = PBXBuildFile; fileRef = ECC87BD525113E0800BD4A63 /* ContentView.swift */; };
		ECC87BD825113E1100BD4A63 /* Assets.xcassets in Resources */ = {isa = PBXBuildFile; fileRef = ECC87BD725113E1100BD4A63 /* Assets.xcassets */; };
		ECC87BDB25113E1100BD4A63 /* Preview Assets.xcassets in Resources */ = {isa = PBXBuildFile; fileRef = ECC87BDA25113E1100BD4A63 /* Preview Assets.xcassets */; };
		ECC87BDE25113E1100BD4A63 /* LaunchScreen.storyboard in Resources */ = {isa = PBXBuildFile; fileRef = ECC87BDC25113E1100BD4A63 /* LaunchScreen.storyboard */; };
/* End PBXBuildFile section */

/* Begin PBXFileReference section */
		ECC87BCE25113E0800BD4A63 /* FavouriteThings.app */ = {isa = PBXFileReference; explicitFileType = wrapper.application; includeInIndex = 0; path = FavouriteThings.app; sourceTree = BUILT_PRODUCTS_DIR; };
		ECC87BD125113E0800BD4A63 /* AppDelegate.swift */ = {isa = PBXFileReference; lastKnownFileType = sourcecode.swift; path = AppDelegate.swift; sourceTree = "<group>"; };
		ECC87BD325113E0800BD4A63 /* SceneDelegate.swift */ = {isa = PBXFileReference; lastKnownFileType = sourcecode.swift; path = SceneDelegate.swift; sourceTree = "<group>"; };
		ECC87BD525113E0800BD4A63 /* ContentView.swift */ = {isa = PBXFileReference; lastKnownFileType = sourcecode.swift; path = ContentView.swift; sourceTree = "<group>"; };
		ECC87BD725113E1100BD4A63 /* Assets.xcassets */ = {isa = PBXFileReference; lastKnownFileType = folder.assetcatalog; path = Assets.xcassets; sourceTree = "<group>"; };
		ECC87BDA25113E1100BD4A63 /* Preview Assets.xcassets */ = {isa = PBXFileReference; lastKnownFileType = folder.assetcatalog; path = "Preview Assets.xcassets"; sourceTree = "<group>"; };
		ECC87BDD25113E1100BD4A63 /* Base */ = {isa = PBXFileReference; lastKnownFileType = file.storyboard; name = Base; path = Base.lproj/LaunchScreen.storyboard; sourceTree = "<group>"; };
		ECC87BDF25113E1100BD4A63 /* Info.plist */ = {isa = PBXFileReference; lastKnownFileType = text.plist.xml; path = Info.plist; sourceTree = "<group>"; };
/* End PBXFileReference section */

/* Begin PBXFrameworksBuildPhase section */
		ECC87BCB25113E0800BD4A63 /* Frameworks */ = {
			isa = PBXFrameworksBuildPhase;
			buildActionMask = 2147483647;
			files = (
			);
			runOnlyForDeploymentPostprocessing = 0;
		};
/* End PBXFrameworksBuildPhase section */

/* Begin PBXGroup section */
		ECC87BC525113E0800BD4A63 = {
			isa = PBXGroup;
			children = (
				ECC87BD025113E0800BD4A63 /* FavouriteThings */,
				ECC87BCF25113E0800BD4A63 /* Products */,
			);
			sourceTree = "<group>";
		};
		ECC87BCF25113E0800BD4A63 /* Products */ = {
			isa = PBXGroup;
			children = (
				ECC87BCE25113E0800BD4A63 /* FavouriteThings.app */,
			);
			name = Products;
			sourceTree = "<group>";
		};
		ECC87BD025113E0800BD4A63 /* FavouriteThings */ = {
			isa = PBXGroup;
			children = (
				ECC87BD125113E0800BD4A63 /* AppDelegate.swift */,
				ECC87BD325113E0800BD4A63 /* SceneDelegate.swift */,
				ECC87BD525113E0800BD4A63 /* ContentView.swift */,
				ECC87BD725113E1100BD4A63 /* Assets.xcassets */,
				ECC87BDC25113E1100BD4A63 /* LaunchScreen.storyboard */,
				ECC87BDF25113E1100BD4A63 /* Info.plist */,
				ECC87BD925113E1100BD4A63 /* Preview Content */,
			);
			path = FavouriteThings;
			sourceTree = "<group>";
		};
		ECC87BD925113E1100BD4A63 /* Preview Content */ = {
			isa = PBXGroup;
			children = (
				ECC87BDA25113E1100BD4A63 /* Preview Assets.xcassets */,
			);
			path = "Preview Content";
			sourceTree = "<group>";
		};
/* End PBXGroup section */

/* Begin PBXNativeTarget section */
		ECC87BCD25113E0800BD4A63 /* FavouriteThings */ = {
			isa = PBXNativeTarget;
			buildConfigurationList = ECC87BE225113E1100BD4A63 /* Build configuration list for PBXNativeTarget "FavouriteThings" */;
			buildPhases = (
				ECC87BCA25113E0800BD4A63 /* Sources */,
				ECC87BCB25113E0800BD4A63 /* Frameworks */,
				ECC87BCC25113E0800BD4A63 /* Resources */,
			);
			buildRules = (
			);
			dependencies = (
			);
			name = FavouriteThings;
			productName = FavouriteThings;
			productReference = ECC87BCE25113E0800BD4A63 /* FavouriteThings.app */;
			productType = "com.apple.product-type.application";
		};
/* End PBXNativeTarget section */

/* Begin PBXProject section */
		ECC87BC625113E0800BD4A63 /* Project object */ = {
			isa = PBXProject;
			attributes = {
				LastSwiftUpdateCheck = 1170;
				LastUpgradeCheck = 1170;
				ORGANIZATIONNAME = "Yates, Clea";
				TargetAttributes = {
					ECC87BCD25113E0800BD4A63 = {
						CreatedOnToolsVersion = 11.7;
					};
				};
			};
			buildConfigurationList = ECC87BC925113E0800BD4A63 /* Build configuration list for PBXProject "FavouriteThings" */;
			compatibilityVersion = "Xcode 9.3";
			developmentRegion = en;
			hasScannedForEncodings = 0;
			knownRegions = (
				en,
				Base,
			);
			mainGroup = ECC87BC525113E0800BD4A63;
			productRefGroup = ECC87BCF25113E0800BD4A63 /* Products */;
			projectDirPath = "";
			projectRoot = "";
			targets = (
				ECC87BCD25113E0800BD4A63 /* FavouriteThings */,
			);
		};
/* End PBXProject section */

/* Begin PBXResourcesBuildPhase section */
		ECC87BCC25113E0800BD4A63 /* Resources */ = {
			isa = PBXResourcesBuildPhase;
			buildActionMask = 2147483647;
			files = (
				ECC87BDE25113E1100BD4A63 /* LaunchScreen.storyboard in Resources */,
				ECC87BDB25113E1100BD4A63 /* Preview Assets.xcassets in Resources */,
				ECC87BD825113E1100BD4A63 /* Assets.xcassets in Resources */,
			);
			runOnlyForDeploymentPostprocessing = 0;
		};
/* End PBXResourcesBuildPhase section */

/* Begin PBXSourcesBuildPhase section */
		ECC87BCA25113E0800BD4A63 /* Sources */ = {
			isa = PBXSourcesBuildPhase;
			buildActionMask = 2147483647;
			files = (
				ECC87BD225113E0800BD4A63 /* AppDelegate.swift in Sources */,
				ECC87BD425113E0800BD4A63 /* SceneDelegate.swift in Sources */,
				ECC87BD625113E0800BD4A63 /* ContentView.swift in Sources */,
			);
			runOnlyForDeploymentPostprocessing = 0;
		};
/* End PBXSourcesBuildPhase section */

/* Begin PBXVariantGroup section */
		ECC87BDC25113E1100BD4A63 /* LaunchScreen.storyboard */ = {
			isa = PBXVariantGroup;
			children = (
				ECC87BDD25113E1100BD4A63 /* Base */,
			);
			name = LaunchScreen.storyboard;
			sourceTree = "<group>";
		};
/* End PBXVariantGroup section */

/* Begin XCBuildConfiguration section */
		ECC87BE025113E1100BD4A63 /* Debug */ = {
			isa = XCBuildConfiguration;
			buildSettings = {
				ALWAYS_SEARCH_USER_PATHS = NO;
				CLANG_ANALYZER_NONNULL = YES;
				CLANG_ANALYZER_NUMBER_OBJECT_CONVERSION = YES_AGGRESSIVE;
				CLANG_CXX_LANGUAGE_STANDARD = "gnu++14";
				CLANG_CXX_LIBRARY = "libc++";
				CLANG_ENABLE_MODULES = YES;
				CLANG_ENABLE_OBJC_ARC = YES;
				CLANG_ENABLE_OBJC_WEAK = YES;
				CLANG_WARN_BLOCK_CAPTURE_AUTORELEASING = YES;
				CLANG_WARN_BOOL_CONVERSION = YES;
				CLANG_WARN_COMMA = YES;
				CLANG_WARN_CONSTANT_CONVERSION = YES;
				CLANG_WARN_DEPRECATED_OBJC_IMPLEMENTATIONS = YES;
				CLANG_WARN_DIRECT_OBJC_ISA_USAGE = YES_ERROR;
				CLANG_WARN_DOCUMENTATION_COMMENTS = YES;
				CLANG_WARN_EMPTY_BODY = YES;
				CLANG_WARN_ENUM_CONVERSION = YES;
				CLANG_WARN_INFINITE_RECURSION = YES;
				CLANG_WARN_INT_CONVERSION = YES;
				CLANG_WARN_NON_LITERAL_NULL_CONVERSION = YES;
				CLANG_WARN_OBJC_IMPLICIT_RETAIN_SELF = YES;
				CLANG_WARN_OBJC_LITERAL_CONVERSION = YES;
				CLANG_WARN_OBJC_ROOT_CLASS = YES_ERROR;
				CLANG_WARN_RANGE_LOOP_ANALYSIS = YES;
				CLANG_WARN_STRICT_PROTOTYPES = YES;
				CLANG_WARN_SUSPICIOUS_MOVE = YES;
				CLANG_WARN_UNGUARDED_AVAILABILITY = YES_AGGRESSIVE;
				CLANG_WARN_UNREACHABLE_CODE = YES;
				CLANG_WARN__DUPLICATE_METHOD_MATCH = YES;
				COPY_PHASE_STRIP = NO;
				DEBUG_INFORMATION_FORMAT = dwarf;
				ENABLE_STRICT_OBJC_MSGSEND = YES;
				ENABLE_TESTABILITY = YES;
				GCC_C_LANGUAGE_STANDARD = gnu11;
				GCC_DYNAMIC_NO_PIC = NO;
				GCC_NO_COMMON_BLOCKS = YES;
				GCC_OPTIMIZATION_LEVEL = 0;
				GCC_PREPROCESSOR_DEFINITIONS = (
					"DEBUG=1",
					"$(inherited)",
				);
				GCC_WARN_64_TO_32_BIT_CONVERSION = YES;
				GCC_WARN_ABOUT_RETURN_TYPE = YES_ERROR;
				GCC_WARN_UNDECLARED_SELECTOR = YES;
				GCC_WARN_UNINITIALIZED_AUTOS = YES_AGGRESSIVE;
				GCC_WARN_UNUSED_FUNCTION = YES;
				GCC_WARN_UNUSED_VARIABLE = YES;
				IPHONEOS_DEPLOYMENT_TARGET = 13.7;
				MTL_ENABLE_DEBUG_INFO = INCLUDE_SOURCE;
				MTL_FAST_MATH = YES;
				ONLY_ACTIVE_ARCH = YES;
				SDKROOT = iphoneos;
				SWIFT_ACTIVE_COMPILATION_CONDITIONS = DEBUG;
				SWIFT_OPTIMIZATION_LEVEL = "-Onone";
			};
			name = Debug;
		};
		ECC87BE125113E1100BD4A63 /* Release */ = {
			isa = XCBuildConfiguration;
			buildSettings = {
				ALWAYS_SEARCH_USER_PATHS = NO;
				CLANG_ANALYZER_NONNULL = YES;
				CLANG_ANALYZER_NUMBER_OBJECT_CONVERSION = YES_AGGRESSIVE;
				CLANG_CXX_LANGUAGE_STANDARD = "gnu++14";
				CLANG_CXX_LIBRARY = "libc++";
				CLANG_ENABLE_MODULES = YES;
				CLANG_ENABLE_OBJC_ARC = YES;
				CLANG_ENABLE_OBJC_WEAK = YES;
				CLANG_WARN_BLOCK_CAPTURE_AUTORELEASING = YES;
				CLANG_WARN_BOOL_CONVERSION = YES;
				CLANG_WARN_COMMA = YES;
				CLANG_WARN_CONSTANT_CONVERSION = YES;
				CLANG_WARN_DEPRECATED_OBJC_IMPLEMENTATIONS = YES;
				CLANG_WARN_DIRECT_OBJC_ISA_USAGE = YES_ERROR;
				CLANG_WARN_DOCUMENTATION_COMMENTS = YES;
				CLANG_WARN_EMPTY_BODY = YES;
				CLANG_WARN_ENUM_CONVERSION = YES;
				CLANG_WARN_INFINITE_RECURSION = YES;
				CLANG_WARN_INT_CONVERSION = YES;
				CLANG_WARN_NON_LITERAL_NULL_CONVERSION = YES;
				CLANG_WARN_OBJC_IMPLICIT_RETAIN_SELF = YES;
				CLANG_WARN_OBJC_LITERAL_CONVERSION = YES;
				CLANG_WARN_OBJC_ROOT_CLASS = YES_ERROR;
				CLANG_WARN_RANGE_LOOP_ANALYSIS = YES;
				CLANG_WARN_STRICT_PROTOTYPES = YES;
				CLANG_WARN_SUSPICIOUS_MOVE = YES;
				CLANG_WARN_UNGUARDED_AVAILABILITY = YES_AGGRESSIVE;
				CLANG_WARN_UNREACHABLE_CODE = YES;
				CLANG_WARN__DUPLICATE_METHOD_MATCH = YES;
				COPY_PHASE_STRIP = NO;
				DEBUG_INFORMATION_FORMAT = "dwarf-with-dsym";
				ENABLE_NS_ASSERTIONS = NO;
				ENABLE_STRICT_OBJC_MSGSEND = YES;
				GCC_C_LANGUAGE_STANDARD = gnu11;
				GCC_NO_COMMON_BLOCKS = YES;
				GCC_WARN_64_TO_32_BIT_CONVERSION = YES;
				GCC_WARN_ABOUT_RETURN_TYPE = YES_ERROR;
				GCC_WARN_UNDECLARED_SELECTOR = YES;
				GCC_WARN_UNINITIALIZED_AUTOS = YES_AGGRESSIVE;
				GCC_WARN_UNUSED_FUNCTION = YES;
				GCC_WARN_UNUSED_VARIABLE = YES;
				IPHONEOS_DEPLOYMENT_TARGET = 13.7;
				MTL_ENABLE_DEBUG_INFO = NO;
				MTL_FAST_MATH = YES;
				SDKROOT = iphoneos;
				SWIFT_COMPILATION_MODE = wholemodule;
				SWIFT_OPTIMIZATION_LEVEL = "-O";
				VALIDATE_PRODUCT = YES;
			};
			name = Release;
		};
		ECC87BE325113E1100BD4A63 /* Debug */ = {
			isa = XCBuildConfiguration;
			buildSettings = {
				ASSETCATALOG_COMPILER_APPICON_NAME = AppIcon;
				CODE_SIGN_STYLE = Automatic;
				DEVELOPMENT_ASSET_PATHS = "\"FavouriteThings/Preview Content\"";
				DEVELOPMENT_TEAM = 6BZ43KCTM7;
				ENABLE_PREVIEWS = YES;
				INFOPLIST_FILE = FavouriteThings/Info.plist;
				LD_RUNPATH_SEARCH_PATHS = (
					"$(inherited)",
					"@executable_path/Frameworks",
				);
				PRODUCT_BUNDLE_IDENTIFIER = ca.cleayates.FavouriteThings;
				PRODUCT_NAME = "$(TARGET_NAME)";
				SWIFT_VERSION = 5.0;
				TARGETED_DEVICE_FAMILY = "1,2";
			};
			name = Debug;
		};
		ECC87BE425113E1100BD4A63 /* Release */ = {
			isa = XCBuildConfiguration;
			buildSettings = {
				ASSETCATALOG_COMPILER_APPICON_NAME = AppIcon;
				CODE_SIGN_STYLE = Automatic;
				DEVELOPMENT_ASSET_PATHS = "\"FavouriteThings/Preview Content\"";
				DEVELOPMENT_TEAM = 6BZ43KCTM7;
				ENABLE_PREVIEWS = YES;
				INFOPLIST_FILE = FavouriteThings/Info.plist;
				LD_RUNPATH_SEARCH_PATHS = (
					"$(inherited)",
					"@executable_path/Frameworks",
				);
				PRODUCT_BUNDLE_IDENTIFIER = ca.cleayates.FavouriteThings;
				PRODUCT_NAME = "$(TARGET_NAME)";
				SWIFT_VERSION = 5.0;
				TARGETED_DEVICE_FAMILY = "1,2";
			};
			name = Release;
		};
/* End XCBuildConfiguration section */

/* Begin XCConfigurationList section */
		ECC87BC925113E0800BD4A63 /* Build configuration list for PBXProject "FavouriteThings" */ = {
			isa = XCConfigurationList;
			buildConfigurations = (
				ECC87BE025113E1100BD4A63 /* Debug */,
				ECC87BE125113E1100BD4A63 /* Release */,
			);
			defaultConfigurationIsVisible = 0;
			defaultConfigurationName = Release;
		};
		ECC87BE225113E1100BD4A63 /* Build configuration list for PBXNativeTarget "FavouriteThings" */ = {
			isa = XCConfigurationList;
			buildConfigurations = (
				ECC87BE325113E1100BD4A63 /* Debug */,
				ECC87BE425113E1100BD4A63 /* Release */,
			);
			defaultConfigurationIsVisible = 0;
			defaultConfigurationName = Release;
		};
/* End XCConfigurationList section */
	};
	rootObject = ECC87BC625113E0800BD4A63 /* Project object */;
}
